
Microsoft Visual Studio Solution File, Format Version 12.00
# Visual Studio Version 16
VisualStudioVersion = 16.0.29326.143
MinimumVisualStudioVersion = 10.0.40219.1
Project("{9A19103F-16F7-4668-BE54-9A1E7A4F7556}") = "DFC.ServiceTaxonomy.SharedResources", "DFC.ServiceTaxonomy.SharedResources\DFC.ServiceTaxonomy.SharedResources.csproj", "{CD18710F-2216-4C10-9362-28EC6650250C}"
EndProject
Project("{9A19103F-16F7-4668-BE54-9A1E7A4F7556}") = "DFC.ServiceTaxonomy.TestSuite", "DFC.ServiceTaxonomy.TestSuite\DFC.ServiceTaxonomy.TestSuite.csproj", "{32C0194E-7A8C-4241-9120-ED913D8B5643}"
EndProject
Project("{2150E333-8FDC-42A3-9474-1A3956D46DE8}") = "Solution Items", "Solution Items", "{E8FBEBE1-F709-4D04-BA55-B31B27144216}"
	ProjectSection(SolutionItems) = preProject
		global.json = global.json
	EndProjectSection
EndProject
Project("{2150E333-8FDC-42A3-9474-1A3956D46DE8}") = "Utils", "Utils", "{7E49F423-B080-4D22-8BA5-E85ED436C079}"
EndProject
Project("{FAE04EC0-301F-11D3-BF4B-00C04F79EFBC}") = "rolling-test-harness", "rolling-test-harness\rolling-test-harness.csproj", "{AC9BBCB4-4AEB-4E01-A042-00C43FA3E7BA}"
EndProject
Global
	GlobalSection(SolutionConfigurationPlatforms) = preSolution
		Debug|Any CPU = Debug|Any CPU
		Release|Any CPU = Release|Any CPU
	EndGlobalSection
	GlobalSection(ProjectConfigurationPlatforms) = postSolution
		{CD18710F-2216-4C10-9362-28EC6650250C}.Debug|Any CPU.ActiveCfg = Debug|Any CPU
		{CD18710F-2216-4C10-9362-28EC6650250C}.Debug|Any CPU.Build.0 = Debug|Any CPU
		{CD18710F-2216-4C10-9362-28EC6650250C}.Release|Any CPU.ActiveCfg = Release|Any CPU
		{CD18710F-2216-4C10-9362-28EC6650250C}.Release|Any CPU.Build.0 = Release|Any CPU
		{32C0194E-7A8C-4241-9120-ED913D8B5643}.Debug|Any CPU.ActiveCfg = Debug|Any CPU
		{32C0194E-7A8C-4241-9120-ED913D8B5643}.Debug|Any CPU.Build.0 = Debug|Any CPU
		{32C0194E-7A8C-4241-9120-ED913D8B5643}.Release|Any CPU.ActiveCfg = Release|Any CPU
		{32C0194E-7A8C-4241-9120-ED913D8B5643}.Release|Any CPU.Build.0 = Release|Any CPU
		{AC9BBCB4-4AEB-4E01-A042-00C43FA3E7BA}.Debug|Any CPU.ActiveCfg = Debug|Any CPU
		{AC9BBCB4-4AEB-4E01-A042-00C43FA3E7BA}.Debug|Any CPU.Build.0 = Debug|Any CPU
		{AC9BBCB4-4AEB-4E01-A042-00C43FA3E7BA}.Release|Any CPU.ActiveCfg = Release|Any CPU
		{AC9BBCB4-4AEB-4E01-A042-00C43FA3E7BA}.Release|Any CPU.Build.0 = Release|Any CPU
	EndGlobalSection
	GlobalSection(SolutionProperties) = preSolution
		HideSolutionNode = FALSE
	EndGlobalSection
	GlobalSection(NestedProjects) = preSolution
		{AC9BBCB4-4AEB-4E01-A042-00C43FA3E7BA} = {7E49F423-B080-4D22-8BA5-E85ED436C079}
	EndGlobalSection
	GlobalSection(ExtensibilityGlobals) = postSolution
		SolutionGuid = {D876D416-3E67-47DA-A4E6-3286A3A11E06}
	EndGlobalSection
EndGlobal
